
Microsoft Visual Studio Solution File, Format Version 12.00
# Visual Studio Version 17
VisualStudioVersion = 17.10.34814.14
MinimumVisualStudioVersion = 10.0.40219.1
Project("{FAE04EC0-301F-11D3-BF4B-00C04F79EFBC}") = "Maui2048", "Maui2048.csproj", "{C9032454-6DC6-4486-A514-267755E802DA}"
EndProject
Global
	GlobalSection(SolutionConfigurationPlatforms) = preSolution
		Debug|Any CPU = Debug|Any CPU
		Release|Any CPU = Release|Any CPU
	EndGlobalSection
	GlobalSection(ProjectConfigurationPlatforms) = postSolution
		{C9032454-6DC6-4486-A514-267755E802DA}.Debug|Any CPU.ActiveCfg = Debug|Any CPU
		{C9032454-6DC6-4486-A514-267755E802DA}.Debug|Any CPU.Build.0 = Debug|Any CPU
		{C9032454-6DC6-4486-A514-267755E802DA}.Debug|Any CPU.Deploy.0 = Debug|Any CPU
		{C9032454-6DC6-4486-A514-267755E802DA}.Release|Any CPU.ActiveCfg = Release|Any CPU
		{C9032454-6DC6-4486-A514-267755E802DA}.Release|Any CPU.Build.0 = Release|Any CPU
		{C9032454-6DC6-4486-A514-267755E802DA}.Release|Any CPU.Deploy.0 = Release|Any CPU
	EndGlobalSection
	GlobalSection(SolutionProperties) = preSolution
		HideSolutionNode = FALSE
	EndGlobalSection
	GlobalSection(ExtensibilityGlobals) = postSolution
		SolutionGuid = {F9356687-BB4A-4756-B340-2BA2EC282D04}
	EndGlobalSection
EndGlobal
